
Microsoft Visual Studio Solution File, Format Version 12.00
# Visual Studio Version 17
VisualStudioVersion = 17.0.31611.283
MinimumVisualStudioVersion = 10.0.40219.1
Project("{9A19103F-16F7-4668-BE54-9A1E7A4F7556}") = "CRUD_Persona_Maui", "CRUD_Persona_Maui\CRUD_Persona_Maui.csproj", "{8E226397-41F4-4F44-9D1B-BF8D2DD0B4F9}"
EndProject
Project("{FAE04EC0-301F-11D3-BF4B-00C04F79EFBC}") = "CRUD_Persona_ASP", "CRUD_Persona_ASP\CRUD_Persona_ASP.csproj", "{2FDF90F8-9786-465A-A444-0671B7FC0EC9}"
EndProject
Project("{FAE04EC0-301F-11D3-BF4B-00C04F79EFBC}") = "CRUD_Persona_DAL", "CRUD_Persona_DAL\CRUD_Persona_DAL.csproj", "{C1FBECD6-9044-4B1F-BA06-C244EE9DF461}"
EndProject
Project("{FAE04EC0-301F-11D3-BF4B-00C04F79EFBC}") = "CRUD_Persona_Entidades", "CRUD_Persona_Entidades\CRUD_Persona_Entidades.csproj", "{E3EF686B-413C-4283-8B16-6D462F45C30E}"
EndProject
Project("{FAE04EC0-301F-11D3-BF4B-00C04F79EFBC}") = "CRUD_Persona_BL", "CRUD_Persona_BL\CRUD_Persona_BL.csproj", "{D97D71CD-A54A-4285-99B8-0C13DB9FF08C}"
EndProject
Global
	GlobalSection(SolutionConfigurationPlatforms) = preSolution
		Debug|Any CPU = Debug|Any CPU
		Release|Any CPU = Release|Any CPU
	EndGlobalSection
	GlobalSection(ProjectConfigurationPlatforms) = postSolution
		{8E226397-41F4-4F44-9D1B-BF8D2DD0B4F9}.Debug|Any CPU.ActiveCfg = Debug|Any CPU
		{8E226397-41F4-4F44-9D1B-BF8D2DD0B4F9}.Debug|Any CPU.Build.0 = Debug|Any CPU
		{8E226397-41F4-4F44-9D1B-BF8D2DD0B4F9}.Debug|Any CPU.Deploy.0 = Debug|Any CPU
		{8E226397-41F4-4F44-9D1B-BF8D2DD0B4F9}.Release|Any CPU.ActiveCfg = Release|Any CPU
		{8E226397-41F4-4F44-9D1B-BF8D2DD0B4F9}.Release|Any CPU.Build.0 = Release|Any CPU
		{8E226397-41F4-4F44-9D1B-BF8D2DD0B4F9}.Release|Any CPU.Deploy.0 = Release|Any CPU
		{2FDF90F8-9786-465A-A444-0671B7FC0EC9}.Debug|Any CPU.ActiveCfg = Debug|Any CPU
		{2FDF90F8-9786-465A-A444-0671B7FC0EC9}.Debug|Any CPU.Build.0 = Debug|Any CPU
		{2FDF90F8-9786-465A-A444-0671B7FC0EC9}.Release|Any CPU.ActiveCfg = Release|Any CPU
		{2FDF90F8-9786-465A-A444-0671B7FC0EC9}.Release|Any CPU.Build.0 = Release|Any CPU
		{C1FBECD6-9044-4B1F-BA06-C244EE9DF461}.Debug|Any CPU.ActiveCfg = Debug|Any CPU
		{C1FBECD6-9044-4B1F-BA06-C244EE9DF461}.Debug|Any CPU.Build.0 = Debug|Any CPU
		{C1FBECD6-9044-4B1F-BA06-C244EE9DF461}.Release|Any CPU.ActiveCfg = Release|Any CPU
		{C1FBECD6-9044-4B1F-BA06-C244EE9DF461}.Release|Any CPU.Build.0 = Release|Any CPU
		{E3EF686B-413C-4283-8B16-6D462F45C30E}.Debug|Any CPU.ActiveCfg = Debug|Any CPU
		{E3EF686B-413C-4283-8B16-6D462F45C30E}.Debug|Any CPU.Build.0 = Debug|Any CPU
		{E3EF686B-413C-4283-8B16-6D462F45C30E}.Release|Any CPU.ActiveCfg = Release|Any CPU
		{E3EF686B-413C-4283-8B16-6D462F45C30E}.Release|Any CPU.Build.0 = Release|Any CPU
		{D97D71CD-A54A-4285-99B8-0C13DB9FF08C}.Debug|Any CPU.ActiveCfg = Debug|Any CPU
		{D97D71CD-A54A-4285-99B8-0C13DB9FF08C}.Debug|Any CPU.Build.0 = Debug|Any CPU
		{D97D71CD-A54A-4285-99B8-0C13DB9FF08C}.Release|Any CPU.ActiveCfg = Release|Any CPU
		{D97D71CD-A54A-4285-99B8-0C13DB9FF08C}.Release|Any CPU.Build.0 = Release|Any CPU
	EndGlobalSection
	GlobalSection(SolutionProperties) = preSolution
		HideSolutionNode = FALSE
	EndGlobalSection
	GlobalSection(ExtensibilityGlobals) = postSolution
		SolutionGuid = {61F7FB11-1E47-470C-91E2-47F8143E1572}
	EndGlobalSection
EndGlobal
